
Microsoft Visual Studio Solution File, Format Version 12.00
# Visual Studio Version 17
VisualStudioVersion = 17.4.33205.214
MinimumVisualStudioVersion = 10.0.40219.1
Project("{FAE04EC0-301F-11D3-BF4B-00C04F79EFBC}") = "PlantsVs.ZombiesTools", "PlantsVs.ZombiesTools\PlantsVs.ZombiesTools.csproj", "{4D6AD461-DC34-4BAD-99FC-EA7C5184CAE4}"
EndProject
Project("{FAE04EC0-301F-11D3-BF4B-00C04F79EFBC}") = "Memory", "Memory\Memory.csproj", "{FC6FE047-0A38-4D16-8F2F-A08247BE42B1}"
EndProject
Global
	GlobalSection(SolutionConfigurationPlatforms) = preSolution
		Debug|Any CPU = Debug|Any CPU
		Release|Any CPU = Release|Any CPU
	EndGlobalSection
	GlobalSection(ProjectConfigurationPlatforms) = postSolution
		{4D6AD461-DC34-4BAD-99FC-EA7C5184CAE4}.Debug|Any CPU.ActiveCfg = Debug|Any CPU
		{4D6AD461-DC34-4BAD-99FC-EA7C5184CAE4}.Debug|Any CPU.Build.0 = Debug|Any CPU
		{4D6AD461-DC34-4BAD-99FC-EA7C5184CAE4}.Release|Any CPU.ActiveCfg = Release|Any CPU
		{4D6AD461-DC34-4BAD-99FC-EA7C5184CAE4}.Release|Any CPU.Build.0 = Release|Any CPU
		{FC6FE047-0A38-4D16-8F2F-A08247BE42B1}.Debug|Any CPU.ActiveCfg = Debug|Any CPU
		{FC6FE047-0A38-4D16-8F2F-A08247BE42B1}.Debug|Any CPU.Build.0 = Debug|Any CPU
		{FC6FE047-0A38-4D16-8F2F-A08247BE42B1}.Release|Any CPU.ActiveCfg = Release|Any CPU
		{FC6FE047-0A38-4D16-8F2F-A08247BE42B1}.Release|Any CPU.Build.0 = Release|Any CPU
	EndGlobalSection
	GlobalSection(SolutionProperties) = preSolution
		HideSolutionNode = FALSE
	EndGlobalSection
	GlobalSection(ExtensibilityGlobals) = postSolution
		SolutionGuid = {2F1F3CF1-9BC0-42B6-98B9-3CD78A690469}
	EndGlobalSection
EndGlobal
